
Microsoft Visual Studio Solution File, Format Version 12.00
# Visual Studio Version 17
VisualStudioVersion = 17.1.32421.90
MinimumVisualStudioVersion = 10.0.40219.1
Project("{FAE04EC0-301F-11D3-BF4B-00C04F79EFBC}") = "HomeTask.24.05.2022", "HomeTask.24.05.2022\HomeTask.24.05.2022.csproj", "{0C105894-70EB-4123-8CAB-461C12CE040B}"
EndProject
Global
	GlobalSection(SolutionConfigurationPlatforms) = preSolution
		Debug|Any CPU = Debug|Any CPU
		Release|Any CPU = Release|Any CPU
	EndGlobalSection
	GlobalSection(ProjectConfigurationPlatforms) = postSolution
		{0C105894-70EB-4123-8CAB-461C12CE040B}.Debug|Any CPU.ActiveCfg = Debug|Any CPU
		{0C105894-70EB-4123-8CAB-461C12CE040B}.Debug|Any CPU.Build.0 = Debug|Any CPU
		{0C105894-70EB-4123-8CAB-461C12CE040B}.Release|Any CPU.ActiveCfg = Release|Any CPU
		{0C105894-70EB-4123-8CAB-461C12CE040B}.Release|Any CPU.Build.0 = Release|Any CPU
	EndGlobalSection
	GlobalSection(SolutionProperties) = preSolution
		HideSolutionNode = FALSE
	EndGlobalSection
	GlobalSection(ExtensibilityGlobals) = postSolution
		SolutionGuid = {C1EE14C8-1118-4524-AF6B-793F3D1D6D2E}
	EndGlobalSection
EndGlobal
